
Microsoft Visual Studio Solution File, Format Version 12.00
# Visual Studio Version 17
VisualStudioVersion = 17.9.34728.123
MinimumVisualStudioVersion = 10.0.40219.1
Project("{FAE04EC0-301F-11D3-BF4B-00C04F79EFBC}") = "ПР52_Осокин", "ПР52_Осокин.csproj", "{D03B03D5-BC61-46FF-8CC3-4B0E5CEA6FB4}"
EndProject
Global
	GlobalSection(SolutionConfigurationPlatforms) = preSolution
		Debug|Any CPU = Debug|Any CPU
		Release|Any CPU = Release|Any CPU
	EndGlobalSection
	GlobalSection(ProjectConfigurationPlatforms) = postSolution
		{D03B03D5-BC61-46FF-8CC3-4B0E5CEA6FB4}.Debug|Any CPU.ActiveCfg = Debug|Any CPU
		{D03B03D5-BC61-46FF-8CC3-4B0E5CEA6FB4}.Debug|Any CPU.Build.0 = Debug|Any CPU
		{D03B03D5-BC61-46FF-8CC3-4B0E5CEA6FB4}.Release|Any CPU.ActiveCfg = Release|Any CPU
		{D03B03D5-BC61-46FF-8CC3-4B0E5CEA6FB4}.Release|Any CPU.Build.0 = Release|Any CPU
	EndGlobalSection
	GlobalSection(SolutionProperties) = preSolution
		HideSolutionNode = FALSE
	EndGlobalSection
	GlobalSection(ExtensibilityGlobals) = postSolution
		SolutionGuid = {FDD647D8-FDC5-48B1-99CC-1628F08E81A0}
	EndGlobalSection
EndGlobal
